{
    "_readme": [
        "This file locks the dependencies of your project to a known state",
        "Read more about it at http://getcomposer.org/doc/01-basic-usage.md#composer-lock-the-lock-file",
        "This file is @generated automatically"
    ],
    "hash": "86a92e8c8130d09f6d1a2c2337c87df7",
    "packages": [
        {
            "name": "danielstjules/stringy",
            "version": "1.9.0",
            "source": {
                "type": "git",
                "url": "https://github.com/danielstjules/Stringy.git",
                "reference": "3cf18e9e424a6dedc38b7eb7ef580edb0929461b"
            },
            "dist": {
                "type": "zip",
                "url": "https://api.github.com/repos/danielstjules/Stringy/zipball/3cf18e9e424a6dedc38b7eb7ef580edb0929461b",
                "reference": "3cf18e9e424a6dedc38b7eb7ef580edb0929461b",
                "shasum": ""
            },
            "require": {
                "ext-mbstring": "*",
                "php": ">=5.3.0"
            },
            "require-dev": {
                "phpunit/phpunit": "~4.0"
            },
            "type": "library",
            "autoload": {
                "psr-4": {
                    "Stringy\\": "src/"
                },
                "files": [
                    "src/Create.php"
                ]
            },
            "notification-url": "https://packagist.org/downloads/",
            "license": [
                "MIT"
            ],
            "authors": [
                {
                    "name": "Daniel St. Jules",
                    "email": "danielst.jules@gmail.com",
                    "homepage": "http://www.danielstjules.com"
                }
            ],
            "description": "A string manipulation library with multibyte support",
            "homepage": "https://github.com/danielstjules/Stringy",
            "keywords": [
                "UTF",
                "helpers",
                "manipulation",
                "methods",
                "multibyte",
                "string",
                "utf-8",
                "utility",
                "utils"
            ],
            "time": "2015-02-10 06:19:18"
        },
        {
            "name": "doctrine/inflector",
            "version": "v1.0.1",
            "source": {
                "type": "git",
                "url": "https://github.com/doctrine/inflector.git",
                "reference": "0bcb2e79d8571787f18b7eb036ed3d004908e604"
            },
            "dist": {
                "type": "zip",
                "url": "https://api.github.com/repos/doctrine/inflector/zipball/0bcb2e79d8571787f18b7eb036ed3d004908e604",
                "reference": "0bcb2e79d8571787f18b7eb036ed3d004908e604",
                "shasum": ""
            },
            "require": {
                "php": ">=5.3.2"
            },
            "require-dev": {
                "phpunit/phpunit": "4.*"
            },
            "type": "library",
            "extra": {
                "branch-alias": {
                    "dev-master": "1.0.x-dev"
                }
            },
            "autoload": {
                "psr-0": {
                    "Doctrine\\Common\\Inflector\\": "lib/"
                }
            },
            "notification-url": "https://packagist.org/downloads/",
            "license": [
                "MIT"
            ],
            "authors": [
                {
                    "name": "Roman Borschel",
                    "email": "roman@code-factory.org"
                },
                {
                    "name": "Benjamin Eberlei",
                    "email": "kontakt@beberlei.de"
                },
                {
                    "name": "Guilherme Blanco",
                    "email": "guilhermeblanco@gmail.com"
                },
                {
                    "name": "Jonathan Wage",
                    "email": "jonwage@gmail.com"
                },
                {
                    "name": "Johannes Schmitt",
                    "email": "schmittjoh@gmail.com"
                }
            ],
            "description": "Common String Manipulations with regard to casing and singular/plural rules.",
            "homepage": "http://www.doctrine-project.org",
            "keywords": [
                "inflection",
                "pluralize",
                "singularize",
                "string"
            ],
            "time": "2014-12-20 21:24:13"
        },
        {
            "name": "duncan3dc/blade",
            "version": "2.0.0",
            "source": {
                "type": "git",
                "url": "https://github.com/duncan3dc/blade.git",
                "reference": "1365ac5c87f7631fb67f4f8049f2c7c60459f607"
            },
            "dist": {
                "type": "zip",
                "url": "https://api.github.com/repos/duncan3dc/blade/zipball/1365ac5c87f7631fb67f4f8049f2c7c60459f607",
                "reference": "1365ac5c87f7631fb67f4f8049f2c7c60459f607",
                "shasum": ""
            },
            "require": {
                "duncan3dc/helpers": "~1.4",
                "illuminate/events": "~5.0",
                "illuminate/view": "~5.0",
                "php": ">=5.4.0"
            },
            "type": "library",
            "autoload": {
                "psr-4": {
                    "duncan3dc\\Laravel\\": "src/"
                }
            },
            "notification-url": "https://packagist.org/downloads/",
            "license": [
                "Apache-2.0"
            ],
            "authors": [
                {
                    "name": "Craig Duncan",
                    "email": "git@duncanc.co.uk",
                    "homepage": "https://github.com/duncan3dc",
                    "role": "Developer"
                }
            ],
            "description": "Use Laravel Blade templates without the full Laravel framework",
            "homepage": "https://github.com/duncan3dc/blade",
            "keywords": [
                "laravel",
                "templating",
                "views"
            ],
            "time": "2015-02-04 20:39:21"
        },
        {
            "name": "duncan3dc/domparser",
            "version": "1.3.5",
            "source": {
                "type": "git",
                "url": "https://github.com/duncan3dc/domparser.git",
                "reference": "6ff2409f1bdc6d5b493c0b7da92bc37643ee515c"
            },
            "dist": {
                "type": "zip",
                "url": "https://api.github.com/repos/duncan3dc/domparser/zipball/6ff2409f1bdc6d5b493c0b7da92bc37643ee515c",
                "reference": "6ff2409f1bdc6d5b493c0b7da92bc37643ee515c",
                "shasum": ""
            },
            "require": {
                "duncan3dc/helpers": ">=1.0.6",
                "ext-dom": "*",
                "ext-libxml": "*",
                "php": ">=5.4.0"
            },
            "type": "library",
            "autoload": {
                "psr-4": {
                    "duncan3dc\\DomParser\\": "src/"
                }
            },
            "notification-url": "https://packagist.org/downloads/",
            "license": [
                "Apache-2.0"
            ],
            "authors": [
                {
                    "name": "Craig Duncan",
                    "email": "git@duncanc.co.uk",
                    "homepage": "https://github.com/duncan3dc",
                    "role": "Developer"
                }
            ],
            "description": "Wrappers for the standard DOMDocument class to provide extra functionality for html/xml parsing",
            "homepage": "https://github.com/duncan3dc/domparser",
            "keywords": [
                "domdocument",
                "generation",
                "html",
                "parser",
                "parsing",
                "writer",
                "xml"
            ],
            "time": "2015-03-17 12:03:53"
        },
        {
            "name": "duncan3dc/helpers",
            "version": "1.6.1",
            "source": {
                "type": "git",
                "url": "https://github.com/duncan3dc/php-helpers.git",
                "reference": "2779b8cb7564e612994d92be7bb5b9aa88ab518a"
            },
            "dist": {
                "type": "zip",
                "url": "https://api.github.com/repos/duncan3dc/php-helpers/zipball/2779b8cb7564e612994d92be7bb5b9aa88ab518a",
                "reference": "2779b8cb7564e612994d92be7bb5b9aa88ab518a",
                "shasum": ""
            },
            "require": {
                "duncan3dc/serial": ">=0.3.0",
                "ext-curl": "*",
                "ext-date": "*",
                "ext-session": "*",
                "php": ">=5.5.0"
            },
            "type": "library",
            "autoload": {
                "psr-4": {
                    "duncan3dc\\Helpers\\": "src/"
                }
            },
            "notification-url": "https://packagist.org/downloads/",
            "license": [
                "Apache-2.0"
            ],
            "authors": [
                {
                    "name": "Craig Duncan",
                    "email": "git@duncanc.co.uk",
                    "homepage": "https://github.com/duncan3dc",
                    "role": "Developer"
                }
            ],
            "description": "A collection of useful helper classes",
            "homepage": "https://github.com/duncan3dc/php-helpers",
            "keywords": [
                "cache",
                "caching",
                "csv",
                "debug",
                "environment",
                "files",
                "image",
                "session"
            ],
            "time": "2015-01-25 20:20:41"
        },
        {
            "name": "duncan3dc/serial",
            "version": "0.4.0",
            "source": {
                "type": "git",
                "url": "https://github.com/duncan3dc/serial.git",
                "reference": "39ae6ce4364c2be6b9fee73c72c9ab2c4fb2c928"
            },
            "dist": {
                "type": "zip",
                "url": "https://api.github.com/repos/duncan3dc/serial/zipball/39ae6ce4364c2be6b9fee73c72c9ab2c4fb2c928",
                "reference": "39ae6ce4364c2be6b9fee73c72c9ab2c4fb2c928",
                "shasum": ""
            },
            "require": {
                "duncan3dc/domparser": ">=1.3.1",
                "duncan3dc/helpers": ">=1.3.6",
                "php": ">=5.4.0",
                "symfony/yaml": ">=2.5.0"
            },
            "type": "library",
            "autoload": {
                "psr-4": {
                    "duncan3dc\\Serial\\": "src/"
                }
            },
            "notification-url": "https://packagist.org/downloads/",
            "license": [
                "Apache-2.0"
            ],
            "authors": [
                {
                    "name": "Craig Duncan",
                    "email": "git@duncanc.co.uk",
                    "homepage": "https://github.com/duncan3dc",
                    "role": "Developer"
                }
            ],
            "description": "Consistent serialization helpers for multiple backends",
            "homepage": "https://github.com/duncan3dc/serial",
            "keywords": [
                "json",
                "serialisation",
                "serialiser",
                "serialization",
                "serializer",
                "yaml"
            ],
            "time": "2015-02-07 20:08:02"
        },
        {
            "name": "duncan3dc/sql-class",
            "version": "1.6.9",
            "source": {
                "type": "git",
                "url": "https://github.com/duncan3dc/sql-class.git",
                "reference": "9563d220ef9fccdbaf516bc95c58245c412b0a16"
            },
            "dist": {
                "type": "zip",
                "url": "https://api.github.com/repos/duncan3dc/sql-class/zipball/9563d220ef9fccdbaf516bc95c58245c412b0a16",
                "reference": "9563d220ef9fccdbaf516bc95c58245c412b0a16",
                "shasum": ""
            },
            "require": {
                "duncan3dc/helpers": ">=1.3.6",
                "duncan3dc/serial": ">=0.3.0",
                "php": ">=5.6.0"
            },
            "type": "library",
            "autoload": {
                "psr-4": {
                    "duncan3dc\\SqlClass\\": "src/"
                }
            },
            "notification-url": "https://packagist.org/downloads/",
            "license": [
                "Apache-2.0"
            ],
            "authors": [
                {
                    "name": "Craig Duncan",
                    "email": "git@duncanc.co.uk",
                    "homepage": "https://github.com/duncan3dc",
                    "role": "Developer"
                }
            ],
            "description": "A simple database abstraction layer, with an on disk caching facility. ",
            "homepage": "https://github.com/duncan3dc/sql-class",
            "keywords": [
                "abstraction",
                "cache",
                "database",
                "mssql",
                "mysql",
                "mysqli",
                "odbc",
                "postgres",
                "redshift",
                "sql",
                "sqlite"
            ],
            "time": "2015-03-21 13:10:17"
        },
        {
            "name": "illuminate/container",
            "version": "v5.0.26",
            "source": {
                "type": "git",
                "url": "https://github.com/illuminate/container.git",
                "reference": "a11c01c1d8b6941bd7ef2f104749ada5e34f146e"
            },
            "dist": {
                "type": "zip",
                "url": "https://api.github.com/repos/illuminate/container/zipball/a11c01c1d8b6941bd7ef2f104749ada5e34f146e",
                "reference": "a11c01c1d8b6941bd7ef2f104749ada5e34f146e",
                "shasum": ""
            },
            "require": {
                "illuminate/contracts": "5.0.*",
                "php": ">=5.4.0"
            },
            "type": "library",
            "extra": {
                "branch-alias": {
                    "dev-master": "5.0-dev"
                }
            },
            "autoload": {
                "psr-4": {
                    "Illuminate\\Container\\": ""
                }
            },
            "notification-url": "https://packagist.org/downloads/",
            "license": [
                "MIT"
            ],
            "authors": [
                {
                    "name": "Taylor Otwell",
                    "email": "taylorotwell@gmail.com"
                }
            ],
            "description": "The Illuminate Container package.",
            "homepage": "http://laravel.com",
            "time": "2015-03-25 17:06:14"
        },
        {
            "name": "illuminate/contracts",
            "version": "v5.0.0",
            "source": {
                "type": "git",
                "url": "https://github.com/illuminate/contracts.git",
                "reference": "78f1dba092d5fcb6d3a19537662abe31c4d128fd"
            },
            "dist": {
                "type": "zip",
                "url": "https://api.github.com/repos/illuminate/contracts/zipball/78f1dba092d5fcb6d3a19537662abe31c4d128fd",
                "reference": "78f1dba092d5fcb6d3a19537662abe31c4d128fd",
                "shasum": ""
            },
            "require": {
                "php": ">=5.4.0"
            },
            "type": "library",
            "extra": {
                "branch-alias": {
                    "dev-master": "5.0-dev"
                }
            },
            "autoload": {
                "psr-4": {
                    "Illuminate\\Contracts\\": ""
                }
            },
            "notification-url": "https://packagist.org/downloads/",
            "license": [
                "MIT"
            ],
            "authors": [
                {
                    "name": "Taylor Otwell",
                    "email": "taylorotwell@gmail.com"
                }
            ],
            "description": "The Illuminate Contracts package.",
            "time": "2015-01-30 16:27:08"
        },
        {
            "name": "illuminate/events",
            "version": "v5.0.26",
            "source": {
                "type": "git",
                "url": "https://github.com/illuminate/events.git",
                "reference": "bf2f28157a5acba4df20980e8511850a6572f1f2"
            },
            "dist": {
                "type": "zip",
                "url": "https://api.github.com/repos/illuminate/events/zipball/bf2f28157a5acba4df20980e8511850a6572f1f2",
                "reference": "bf2f28157a5acba4df20980e8511850a6572f1f2",
                "shasum": ""
            },
            "require": {
                "illuminate/container": "5.0.*",
                "illuminate/contracts": "5.0.*",
                "illuminate/support": "5.0.*",
                "php": ">=5.4.0"
            },
            "type": "library",
            "extra": {
                "branch-alias": {
                    "dev-master": "5.0-dev"
                }
            },
            "autoload": {
                "psr-4": {
                    "Illuminate\\Events\\": ""
                }
            },
            "notification-url": "https://packagist.org/downloads/",
            "license": [
                "MIT"
            ],
            "authors": [
                {
                    "name": "Taylor Otwell",
                    "email": "taylorotwell@gmail.com"
                }
            ],
            "description": "The Illuminate Events package.",
            "homepage": "http://laravel.com",
            "time": "2015-03-26 16:16:33"
        },
        {
            "name": "illuminate/filesystem",
            "version": "v5.0.26",
            "source": {
                "type": "git",
                "url": "https://github.com/illuminate/filesystem.git",
                "reference": "9c2709f553ed025378d35fa4f4f8d9254304bf4f"
            },
            "dist": {
                "type": "zip",
                "url": "https://api.github.com/repos/illuminate/filesystem/zipball/9c2709f553ed025378d35fa4f4f8d9254304bf4f",
                "reference": "9c2709f553ed025378d35fa4f4f8d9254304bf4f",
                "shasum": ""
            },
            "require": {
                "illuminate/contracts": "5.0.*",
                "illuminate/support": "5.0.*",
                "league/flysystem": "~1.0",
                "php": ">=5.4.0",
                "symfony/finder": "2.6.*"
            },
            "suggest": {
                "league/flysystem-aws-s3-v2": "Required to use the Flysystem S3 driver (~1.0).",
                "league/flysystem-rackspace": "Required to use the Flysystem Rackspace driver (~1.0)."
            },
            "type": "library",
            "extra": {
                "branch-alias": {
                    "dev-master": "5.0-dev"
                }
            },
            "autoload": {
                "psr-4": {
                    "Illuminate\\Filesystem\\": ""
                }
            },
            "notification-url": "https://packagist.org/downloads/",
            "license": [
                "MIT"
            ],
            "authors": [
                {
                    "name": "Taylor Otwell",
                    "email": "taylorotwell@gmail.com"
                }
            ],
            "description": "The Illuminate Filesystem package.",
            "homepage": "http://laravel.com",
            "time": "2015-03-26 10:19:03"
        },
        {
            "name": "illuminate/support",
            "version": "v5.0.26",
            "source": {
                "type": "git",
                "url": "https://github.com/illuminate/support.git",
                "reference": "29e8618a45d090572e092abf193a257bf28c48d9"
            },
            "dist": {
                "type": "zip",
                "url": "https://api.github.com/repos/illuminate/support/zipball/29e8618a45d090572e092abf193a257bf28c48d9",
                "reference": "29e8618a45d090572e092abf193a257bf28c48d9",
                "shasum": ""
            },
            "require": {
                "danielstjules/stringy": "~1.8",
                "doctrine/inflector": "~1.0",
                "ext-mbstring": "*",
                "illuminate/contracts": "5.0.*",
                "php": ">=5.4.0"
            },
            "suggest": {
                "jeremeamia/superclosure": "Required to be able to serialize closures (~2.0)."
            },
            "type": "library",
            "extra": {
                "branch-alias": {
                    "dev-master": "5.0-dev"
                }
            },
            "autoload": {
                "psr-4": {
                    "Illuminate\\Support\\": ""
                },
                "files": [
                    "helpers.php"
                ]
            },
            "notification-url": "https://packagist.org/downloads/",
            "license": [
                "MIT"
            ],
            "authors": [
                {
                    "name": "Taylor Otwell",
                    "email": "taylorotwell@gmail.com"
                }
            ],
            "description": "The Illuminate Support package.",
            "homepage": "http://laravel.com",
            "time": "2015-03-27 14:49:11"
        },
        {
            "name": "illuminate/view",
            "version": "v5.0.26",
            "source": {
                "type": "git",
                "url": "https://github.com/illuminate/view.git",
                "reference": "c73ad1f7625d81bada64255a07cf2013cb02d6ab"
            },
            "dist": {
                "type": "zip",
                "url": "https://api.github.com/repos/illuminate/view/zipball/c73ad1f7625d81bada64255a07cf2013cb02d6ab",
                "reference": "c73ad1f7625d81bada64255a07cf2013cb02d6ab",
                "shasum": ""
            },
            "require": {
                "illuminate/container": "5.0.*",
                "illuminate/contracts": "5.0.*",
                "illuminate/filesystem": "5.0.*",
                "illuminate/support": "5.0.*",
                "php": ">=5.4.0"
            },
            "type": "library",
            "extra": {
                "branch-alias": {
                    "dev-master": "5.0-dev"
                }
            },
            "autoload": {
                "psr-4": {
                    "Illuminate\\View\\": ""
                }
            },
            "notification-url": "https://packagist.org/downloads/",
            "license": [
                "MIT"
            ],
            "authors": [
                {
                    "name": "Taylor Otwell",
                    "email": "taylorotwell@gmail.com"
                }
            ],
            "description": "The Illuminate View package.",
            "homepage": "http://laravel.com",
            "time": "2015-03-26 17:28:59"
        },
        {
            "name": "league/flysystem",
            "version": "1.0.3",
            "source": {
                "type": "git",
                "url": "https://github.com/thephpleague/flysystem.git",
                "reference": "3c2400a99ccc3be6884d40361890010449c6b447"
            },
            "dist": {
                "type": "zip",
                "url": "https://api.github.com/repos/thephpleague/flysystem/zipball/3c2400a99ccc3be6884d40361890010449c6b447",
                "reference": "3c2400a99ccc3be6884d40361890010449c6b447",
                "shasum": ""
            },
            "require": {
                "php": ">=5.4.0"
            },
            "require-dev": {
                "ext-fileinfo": "*",
                "league/phpunit-coverage-listener": "~1.1",
                "mockery/mockery": "~0.9",
                "phpspec/phpspec": "~2.0",
                "phpspec/prophecy-phpunit": "~1.0",
                "phpunit/phpunit": "~4.1",
                "predis/predis": "~1.0",
                "tedivm/stash": "~0.12.0"
            },
            "suggest": {
                "ext-fileinfo": "Required for MimeType",
                "league/flysystem-aws-s3-v2": "Allows you to use S3 storage with AWS SDK v2",
                "league/flysystem-aws-s3-v3": "Allows you to use S3 storage with AWS SDK v3",
                "league/flysystem-azure": "Allows you to use Windows Azure Blob storage",
                "league/flysystem-cached-adapter": "Flysystem adapter decorator for metadata caching",
                "league/flysystem-copy": "Allows you to use Copy.com storage",
                "league/flysystem-dropbox": "Allows you to use Dropbox storage",
                "league/flysystem-eventable-filesystem": "Allows you to use EventableFilesystem",
                "league/flysystem-rackspace": "Allows you to use Rackspace Cloud Files",
                "league/flysystem-sftp": "Allows you to use SFTP server storage via phpseclib",
                "league/flysystem-webdav": "Allows you to use WebDAV storage",
                "league/flysystem-ziparchive": "Allows you to use ZipArchive adapter",
                "predis/predis": "Allows you to use Predis for caching"
            },
            "type": "library",
            "extra": {
                "branch-alias": {
                    "dev-master": "1.1-dev"
                }
            },
            "autoload": {
                "psr-4": {
                    "League\\Flysystem\\": "src/"
                }
            },
            "notification-url": "https://packagist.org/downloads/",
            "license": [
                "MIT"
            ],
            "authors": [
                {
                    "name": "Frank de Jonge",
                    "email": "info@frenky.net"
                }
            ],
            "description": "Many filesystems, one API.",
            "keywords": [
                "Cloud Files",
                "WebDAV",
                "aws",
                "cloud",
                "copy.com",
                "dropbox",
                "file systems",
                "files",
                "filesystem",
                "ftp",
                "rackspace",
                "remote",
                "s3",
                "sftp",
                "storage"
            ],
            "time": "2015-03-29 14:01:43"
        },
        {
            "name": "symfony/finder",
            "version": "v2.6.6",
            "target-dir": "Symfony/Component/Finder",
            "source": {
                "type": "git",
                "url": "https://github.com/symfony/Finder.git",
                "reference": "5dbe2e73a580618f5b4880fda93406eed25de251"
            },
            "dist": {
                "type": "zip",
                "url": "https://api.github.com/repos/symfony/Finder/zipball/5dbe2e73a580618f5b4880fda93406eed25de251",
                "reference": "5dbe2e73a580618f5b4880fda93406eed25de251",
                "shasum": ""
            },
            "require": {
                "php": ">=5.3.3"
            },
            "require-dev": {
                "symfony/phpunit-bridge": "~2.7"
            },
            "type": "library",
            "extra": {
                "branch-alias": {
                    "dev-master": "2.6-dev"
                }
            },
            "autoload": {
                "psr-0": {
                    "Symfony\\Component\\Finder\\": ""
                }
            },
            "notification-url": "https://packagist.org/downloads/",
            "license": [
                "MIT"
            ],
            "authors": [
                {
                    "name": "Symfony Community",
                    "homepage": "http://symfony.com/contributors"
                },
                {
                    "name": "Fabien Potencier",
                    "email": "fabien@symfony.com"
                }
            ],
            "description": "Symfony Finder Component",
            "homepage": "http://symfony.com",
            "time": "2015-03-30 15:54:10"
        },
        {
            "name": "symfony/yaml",
            "version": "v2.6.6",
            "target-dir": "Symfony/Component/Yaml",
            "source": {
                "type": "git",
                "url": "https://github.com/symfony/Yaml.git",
                "reference": "174f009ed36379a801109955fc5a71a49fe62dd4"
            },
            "dist": {
                "type": "zip",
                "url": "https://api.github.com/repos/symfony/Yaml/zipball/174f009ed36379a801109955fc5a71a49fe62dd4",
                "reference": "174f009ed36379a801109955fc5a71a49fe62dd4",
                "shasum": ""
            },
            "require": {
                "php": ">=5.3.3"
            },
            "require-dev": {
                "symfony/phpunit-bridge": "~2.7"
            },
            "type": "library",
            "extra": {
                "branch-alias": {
                    "dev-master": "2.6-dev"
                }
            },
            "autoload": {
                "psr-0": {
                    "Symfony\\Component\\Yaml\\": ""
                }
            },
            "notification-url": "https://packagist.org/downloads/",
            "license": [
                "MIT"
            ],
            "authors": [
                {
                    "name": "Symfony Community",
                    "homepage": "http://symfony.com/contributors"
                },
                {
                    "name": "Fabien Potencier",
                    "email": "fabien@symfony.com"
                }
            ],
            "description": "Symfony Yaml Component",
            "homepage": "http://symfony.com",
            "time": "2015-03-30 15:54:10"
        }
    ],
    "packages-dev": [],
    "aliases": [],
    "minimum-stability": "stable",
    "stability-flags": [],
    "prefer-stable": false,
    "prefer-lowest": false,
    "platform": {
        "php": ">=5.6.0"
    },
    "platform-dev": []
}
